
Microsoft Visual Studio Solution File, Format Version 12.00
# Visual Studio 15
VisualStudioVersion = 15.0.28307.168
MinimumVisualStudioVersion = 10.0.40219.1
Project("{FAE04EC0-301F-11D3-BF4B-00C04F79EFBC}") = "Snake", "Snake\Snake.csproj", "{266734A5-0BC7-4B5F-9EAC-EE6B2697B521}"
EndProject
Global
	GlobalSection(SolutionConfigurationPlatforms) = preSolution
		Debug|Any CPU = Debug|Any CPU
		Release|Any CPU = Release|Any CPU
	EndGlobalSection
	GlobalSection(ProjectConfigurationPlatforms) = postSolution
		{266734A5-0BC7-4B5F-9EAC-EE6B2697B521}.Debug|Any CPU.ActiveCfg = Debug|Any CPU
		{266734A5-0BC7-4B5F-9EAC-EE6B2697B521}.Debug|Any CPU.Build.0 = Debug|Any CPU
		{266734A5-0BC7-4B5F-9EAC-EE6B2697B521}.Release|Any CPU.ActiveCfg = Release|Any CPU
		{266734A5-0BC7-4B5F-9EAC-EE6B2697B521}.Release|Any CPU.Build.0 = Release|Any CPU
	EndGlobalSection
	GlobalSection(SolutionProperties) = preSolution
		HideSolutionNode = FALSE
	EndGlobalSection
	GlobalSection(ExtensibilityGlobals) = postSolution
		SolutionGuid = {8A0AB097-A946-4237-AC8A-BF6E5DF6D9D1}
	EndGlobalSection
EndGlobal
